
Microsoft Visual Studio Solution File, Format Version 12.00
# Visual Studio Version 17
VisualStudioVersion = 17.13.35931.197
MinimumVisualStudioVersion = 10.0.40219.1
Project("{FAE04EC0-301F-11D3-BF4B-00C04F79EFBC}") = "Ecommerce", "Ecommerce\Ecommerce.csproj", "{9D32D077-4F70-4F94-A76C-E321E66C7319}"
EndProject
Project("{2150E333-8FDC-42A3-9474-1A3956D46DE8}") = "Core", "Core", "{02EA681E-C7D8-13C7-8484-4AC65E1B71E8}"
EndProject
Project("{2150E333-8FDC-42A3-9474-1A3956D46DE8}") = "Infrastructure", "Infrastructure", "{B5274068-4364-4EC2-9DB9-05508FA69987}"
EndProject
Project("{FAE04EC0-301F-11D3-BF4B-00C04F79EFBC}") = "Shared", "Shared\Shared.csproj", "{D1BD8BEC-FAF6-41A9-9CD9-66848D4B36E4}"
EndProject
Project("{FAE04EC0-301F-11D3-BF4B-00C04F79EFBC}") = "Api.Domain", "Core\Api.Domain\Api.Domain.csproj", "{97523FA8-1E6E-4C71-AC15-B9CE692F962A}"
EndProject
Project("{FAE04EC0-301F-11D3-BF4B-00C04F79EFBC}") = "Api.Service", "Core\Api.Service\Api.Service.csproj", "{347EB782-8838-447A-9CA4-59C993916EA6}"
EndProject
Project("{FAE04EC0-301F-11D3-BF4B-00C04F79EFBC}") = "Api.Services.Contracts", "Core\Api.Services.Contracts\Api.Services.Contracts.csproj", "{7B3C533D-FD97-4BA4-BFEC-6184171A7405}"
EndProject
Project("{FAE04EC0-301F-11D3-BF4B-00C04F79EFBC}") = "Mapping", "Core\Mapping\Mapping.csproj", "{32190F4F-EEBE-43B2-830E-C5A658762900}"
EndProject
Project("{FAE04EC0-301F-11D3-BF4B-00C04F79EFBC}") = "Validation", "Core\Validation\Validation.csproj", "{0C5D0E9A-A31B-45B8-8967-7876093437CA}"
EndProject
Project("{FAE04EC0-301F-11D3-BF4B-00C04F79EFBC}") = "Presentation", "Infrastructure\Presentation\Presentation.csproj", "{045597E0-B94B-4D63-98DC-05D3F4CD8962}"
EndProject
Project("{FAE04EC0-301F-11D3-BF4B-00C04F79EFBC}") = "Presistence", "Infrastructure\Presistence\Presistence.csproj", "{FC9D1E79-BC5E-417C-B5C6-6460CE4EF71E}"
EndProject
Global
	GlobalSection(SolutionConfigurationPlatforms) = preSolution
		Debug|Any CPU = Debug|Any CPU
		Debug|x64 = Debug|x64
		Debug|x86 = Debug|x86
		Release|Any CPU = Release|Any CPU
		Release|x64 = Release|x64
		Release|x86 = Release|x86
	EndGlobalSection
	GlobalSection(ProjectConfigurationPlatforms) = postSolution
		{9D32D077-4F70-4F94-A76C-E321E66C7319}.Debug|Any CPU.ActiveCfg = Debug|Any CPU
		{9D32D077-4F70-4F94-A76C-E321E66C7319}.Debug|Any CPU.Build.0 = Debug|Any CPU
		{9D32D077-4F70-4F94-A76C-E321E66C7319}.Debug|x64.ActiveCfg = Debug|Any CPU
		{9D32D077-4F70-4F94-A76C-E321E66C7319}.Debug|x64.Build.0 = Debug|Any CPU
		{9D32D077-4F70-4F94-A76C-E321E66C7319}.Debug|x86.ActiveCfg = Debug|Any CPU
		{9D32D077-4F70-4F94-A76C-E321E66C7319}.Debug|x86.Build.0 = Debug|Any CPU
		{9D32D077-4F70-4F94-A76C-E321E66C7319}.Release|Any CPU.ActiveCfg = Release|Any CPU
		{9D32D077-4F70-4F94-A76C-E321E66C7319}.Release|Any CPU.Build.0 = Release|Any CPU
		{9D32D077-4F70-4F94-A76C-E321E66C7319}.Release|x64.ActiveCfg = Release|Any CPU
		{9D32D077-4F70-4F94-A76C-E321E66C7319}.Release|x64.Build.0 = Release|Any CPU
		{9D32D077-4F70-4F94-A76C-E321E66C7319}.Release|x86.ActiveCfg = Release|Any CPU
		{9D32D077-4F70-4F94-A76C-E321E66C7319}.Release|x86.Build.0 = Release|Any CPU
		{D1BD8BEC-FAF6-41A9-9CD9-66848D4B36E4}.Debug|Any CPU.ActiveCfg = Debug|Any CPU
		{D1BD8BEC-FAF6-41A9-9CD9-66848D4B36E4}.Debug|Any CPU.Build.0 = Debug|Any CPU
		{D1BD8BEC-FAF6-41A9-9CD9-66848D4B36E4}.Debug|x64.ActiveCfg = Debug|Any CPU
		{D1BD8BEC-FAF6-41A9-9CD9-66848D4B36E4}.Debug|x64.Build.0 = Debug|Any CPU
		{D1BD8BEC-FAF6-41A9-9CD9-66848D4B36E4}.Debug|x86.ActiveCfg = Debug|Any CPU
		{D1BD8BEC-FAF6-41A9-9CD9-66848D4B36E4}.Debug|x86.Build.0 = Debug|Any CPU
		{D1BD8BEC-FAF6-41A9-9CD9-66848D4B36E4}.Release|Any CPU.ActiveCfg = Release|Any CPU
		{D1BD8BEC-FAF6-41A9-9CD9-66848D4B36E4}.Release|Any CPU.Build.0 = Release|Any CPU
		{D1BD8BEC-FAF6-41A9-9CD9-66848D4B36E4}.Release|x64.ActiveCfg = Release|Any CPU
		{D1BD8BEC-FAF6-41A9-9CD9-66848D4B36E4}.Release|x64.Build.0 = Release|Any CPU
		{D1BD8BEC-FAF6-41A9-9CD9-66848D4B36E4}.Release|x86.ActiveCfg = Release|Any CPU
		{D1BD8BEC-FAF6-41A9-9CD9-66848D4B36E4}.Release|x86.Build.0 = Release|Any CPU
		{97523FA8-1E6E-4C71-AC15-B9CE692F962A}.Debug|Any CPU.ActiveCfg = Debug|Any CPU
		{97523FA8-1E6E-4C71-AC15-B9CE692F962A}.Debug|Any CPU.Build.0 = Debug|Any CPU
		{97523FA8-1E6E-4C71-AC15-B9CE692F962A}.Debug|x64.ActiveCfg = Debug|Any CPU
		{97523FA8-1E6E-4C71-AC15-B9CE692F962A}.Debug|x64.Build.0 = Debug|Any CPU
		{97523FA8-1E6E-4C71-AC15-B9CE692F962A}.Debug|x86.ActiveCfg = Debug|Any CPU
		{97523FA8-1E6E-4C71-AC15-B9CE692F962A}.Debug|x86.Build.0 = Debug|Any CPU
		{97523FA8-1E6E-4C71-AC15-B9CE692F962A}.Release|Any CPU.ActiveCfg = Release|Any CPU
		{97523FA8-1E6E-4C71-AC15-B9CE692F962A}.Release|Any CPU.Build.0 = Release|Any CPU
		{97523FA8-1E6E-4C71-AC15-B9CE692F962A}.Release|x64.ActiveCfg = Release|Any CPU
		{97523FA8-1E6E-4C71-AC15-B9CE692F962A}.Release|x64.Build.0 = Release|Any CPU
		{97523FA8-1E6E-4C71-AC15-B9CE692F962A}.Release|x86.ActiveCfg = Release|Any CPU
		{97523FA8-1E6E-4C71-AC15-B9CE692F962A}.Release|x86.Build.0 = Release|Any CPU
		{347EB782-8838-447A-9CA4-59C993916EA6}.Debug|Any CPU.ActiveCfg = Debug|Any CPU
		{347EB782-8838-447A-9CA4-59C993916EA6}.Debug|Any CPU.Build.0 = Debug|Any CPU
		{347EB782-8838-447A-9CA4-59C993916EA6}.Debug|x64.ActiveCfg = Debug|Any CPU
		{347EB782-8838-447A-9CA4-59C993916EA6}.Debug|x64.Build.0 = Debug|Any CPU
		{347EB782-8838-447A-9CA4-59C993916EA6}.Debug|x86.ActiveCfg = Debug|Any CPU
		{347EB782-8838-447A-9CA4-59C993916EA6}.Debug|x86.Build.0 = Debug|Any CPU
		{347EB782-8838-447A-9CA4-59C993916EA6}.Release|Any CPU.ActiveCfg = Release|Any CPU
		{347EB782-8838-447A-9CA4-59C993916EA6}.Release|Any CPU.Build.0 = Release|Any CPU
		{347EB782-8838-447A-9CA4-59C993916EA6}.Release|x64.ActiveCfg = Release|Any CPU
		{347EB782-8838-447A-9CA4-59C993916EA6}.Release|x64.Build.0 = Release|Any CPU
		{347EB782-8838-447A-9CA4-59C993916EA6}.Release|x86.ActiveCfg = Release|Any CPU
		{347EB782-8838-447A-9CA4-59C993916EA6}.Release|x86.Build.0 = Release|Any CPU
		{7B3C533D-FD97-4BA4-BFEC-6184171A7405}.Debug|Any CPU.ActiveCfg = Debug|Any CPU
		{7B3C533D-FD97-4BA4-BFEC-6184171A7405}.Debug|Any CPU.Build.0 = Debug|Any CPU
		{7B3C533D-FD97-4BA4-BFEC-6184171A7405}.Debug|x64.ActiveCfg = Debug|Any CPU
		{7B3C533D-FD97-4BA4-BFEC-6184171A7405}.Debug|x64.Build.0 = Debug|Any CPU
		{7B3C533D-FD97-4BA4-BFEC-6184171A7405}.Debug|x86.ActiveCfg = Debug|Any CPU
		{7B3C533D-FD97-4BA4-BFEC-6184171A7405}.Debug|x86.Build.0 = Debug|Any CPU
		{7B3C533D-FD97-4BA4-BFEC-6184171A7405}.Release|Any CPU.ActiveCfg = Release|Any CPU
		{7B3C533D-FD97-4BA4-BFEC-6184171A7405}.Release|Any CPU.Build.0 = Release|Any CPU
		{7B3C533D-FD97-4BA4-BFEC-6184171A7405}.Release|x64.ActiveCfg = Release|Any CPU
		{7B3C533D-FD97-4BA4-BFEC-6184171A7405}.Release|x64.Build.0 = Release|Any CPU
		{7B3C533D-FD97-4BA4-BFEC-6184171A7405}.Release|x86.ActiveCfg = Release|Any CPU
		{7B3C533D-FD97-4BA4-BFEC-6184171A7405}.Release|x86.Build.0 = Release|Any CPU
		{32190F4F-EEBE-43B2-830E-C5A658762900}.Debug|Any CPU.ActiveCfg = Debug|Any CPU
		{32190F4F-EEBE-43B2-830E-C5A658762900}.Debug|Any CPU.Build.0 = Debug|Any CPU
		{32190F4F-EEBE-43B2-830E-C5A658762900}.Debug|x64.ActiveCfg = Debug|Any CPU
		{32190F4F-EEBE-43B2-830E-C5A658762900}.Debug|x64.Build.0 = Debug|Any CPU
		{32190F4F-EEBE-43B2-830E-C5A658762900}.Debug|x86.ActiveCfg = Debug|Any CPU
		{32190F4F-EEBE-43B2-830E-C5A658762900}.Debug|x86.Build.0 = Debug|Any CPU
		{32190F4F-EEBE-43B2-830E-C5A658762900}.Release|Any CPU.ActiveCfg = Release|Any CPU
		{32190F4F-EEBE-43B2-830E-C5A658762900}.Release|Any CPU.Build.0 = Release|Any CPU
		{32190F4F-EEBE-43B2-830E-C5A658762900}.Release|x64.ActiveCfg = Release|Any CPU
		{32190F4F-EEBE-43B2-830E-C5A658762900}.Release|x64.Build.0 = Release|Any CPU
		{32190F4F-EEBE-43B2-830E-C5A658762900}.Release|x86.ActiveCfg = Release|Any CPU
		{32190F4F-EEBE-43B2-830E-C5A658762900}.Release|x86.Build.0 = Release|Any CPU
		{0C5D0E9A-A31B-45B8-8967-7876093437CA}.Debug|Any CPU.ActiveCfg = Debug|Any CPU
		{0C5D0E9A-A31B-45B8-8967-7876093437CA}.Debug|Any CPU.Build.0 = Debug|Any CPU
		{0C5D0E9A-A31B-45B8-8967-7876093437CA}.Debug|x64.ActiveCfg = Debug|Any CPU
		{0C5D0E9A-A31B-45B8-8967-7876093437CA}.Debug|x64.Build.0 = Debug|Any CPU
		{0C5D0E9A-A31B-45B8-8967-7876093437CA}.Debug|x86.ActiveCfg = Debug|Any CPU
		{0C5D0E9A-A31B-45B8-8967-7876093437CA}.Debug|x86.Build.0 = Debug|Any CPU
		{0C5D0E9A-A31B-45B8-8967-7876093437CA}.Release|Any CPU.ActiveCfg = Release|Any CPU
		{0C5D0E9A-A31B-45B8-8967-7876093437CA}.Release|Any CPU.Build.0 = Release|Any CPU
		{0C5D0E9A-A31B-45B8-8967-7876093437CA}.Release|x64.ActiveCfg = Release|Any CPU
		{0C5D0E9A-A31B-45B8-8967-7876093437CA}.Release|x64.Build.0 = Release|Any CPU
		{0C5D0E9A-A31B-45B8-8967-7876093437CA}.Release|x86.ActiveCfg = Release|Any CPU
		{0C5D0E9A-A31B-45B8-8967-7876093437CA}.Release|x86.Build.0 = Release|Any CPU
		{045597E0-B94B-4D63-98DC-05D3F4CD8962}.Debug|Any CPU.ActiveCfg = Debug|Any CPU
		{045597E0-B94B-4D63-98DC-05D3F4CD8962}.Debug|Any CPU.Build.0 = Debug|Any CPU
		{045597E0-B94B-4D63-98DC-05D3F4CD8962}.Debug|x64.ActiveCfg = Debug|Any CPU
		{045597E0-B94B-4D63-98DC-05D3F4CD8962}.Debug|x64.Build.0 = Debug|Any CPU
		{045597E0-B94B-4D63-98DC-05D3F4CD8962}.Debug|x86.ActiveCfg = Debug|Any CPU
		{045597E0-B94B-4D63-98DC-05D3F4CD8962}.Debug|x86.Build.0 = Debug|Any CPU
		{045597E0-B94B-4D63-98DC-05D3F4CD8962}.Release|Any CPU.ActiveCfg = Release|Any CPU
		{045597E0-B94B-4D63-98DC-05D3F4CD8962}.Release|Any CPU.Build.0 = Release|Any CPU
		{045597E0-B94B-4D63-98DC-05D3F4CD8962}.Release|x64.ActiveCfg = Release|Any CPU
		{045597E0-B94B-4D63-98DC-05D3F4CD8962}.Release|x64.Build.0 = Release|Any CPU
		{045597E0-B94B-4D63-98DC-05D3F4CD8962}.Release|x86.ActiveCfg = Release|Any CPU
		{045597E0-B94B-4D63-98DC-05D3F4CD8962}.Release|x86.Build.0 = Release|Any CPU
		{FC9D1E79-BC5E-417C-B5C6-6460CE4EF71E}.Debug|Any CPU.ActiveCfg = Debug|Any CPU
		{FC9D1E79-BC5E-417C-B5C6-6460CE4EF71E}.Debug|Any CPU.Build.0 = Debug|Any CPU
		{FC9D1E79-BC5E-417C-B5C6-6460CE4EF71E}.Debug|x64.ActiveCfg = Debug|Any CPU
		{FC9D1E79-BC5E-417C-B5C6-6460CE4EF71E}.Debug|x64.Build.0 = Debug|Any CPU
		{FC9D1E79-BC5E-417C-B5C6-6460CE4EF71E}.Debug|x86.ActiveCfg = Debug|Any CPU
		{FC9D1E79-BC5E-417C-B5C6-6460CE4EF71E}.Debug|x86.Build.0 = Debug|Any CPU
		{FC9D1E79-BC5E-417C-B5C6-6460CE4EF71E}.Release|Any CPU.ActiveCfg = Release|Any CPU
		{FC9D1E79-BC5E-417C-B5C6-6460CE4EF71E}.Release|Any CPU.Build.0 = Release|Any CPU
		{FC9D1E79-BC5E-417C-B5C6-6460CE4EF71E}.Release|x64.ActiveCfg = Release|Any CPU
		{FC9D1E79-BC5E-417C-B5C6-6460CE4EF71E}.Release|x64.Build.0 = Release|Any CPU
		{FC9D1E79-BC5E-417C-B5C6-6460CE4EF71E}.Release|x86.ActiveCfg = Release|Any CPU
		{FC9D1E79-BC5E-417C-B5C6-6460CE4EF71E}.Release|x86.Build.0 = Release|Any CPU
	EndGlobalSection
	GlobalSection(SolutionProperties) = preSolution
		HideSolutionNode = FALSE
	EndGlobalSection
	GlobalSection(NestedProjects) = preSolution
		{97523FA8-1E6E-4C71-AC15-B9CE692F962A} = {02EA681E-C7D8-13C7-8484-4AC65E1B71E8}
		{347EB782-8838-447A-9CA4-59C993916EA6} = {02EA681E-C7D8-13C7-8484-4AC65E1B71E8}
		{7B3C533D-FD97-4BA4-BFEC-6184171A7405} = {02EA681E-C7D8-13C7-8484-4AC65E1B71E8}
		{32190F4F-EEBE-43B2-830E-C5A658762900} = {02EA681E-C7D8-13C7-8484-4AC65E1B71E8}
		{0C5D0E9A-A31B-45B8-8967-7876093437CA} = {02EA681E-C7D8-13C7-8484-4AC65E1B71E8}
		{045597E0-B94B-4D63-98DC-05D3F4CD8962} = {B5274068-4364-4EC2-9DB9-05508FA69987}
		{FC9D1E79-BC5E-417C-B5C6-6460CE4EF71E} = {B5274068-4364-4EC2-9DB9-05508FA69987}
	EndGlobalSection
	GlobalSection(ExtensibilityGlobals) = postSolution
		SolutionGuid = {6D7E4937-107E-4D0A-9E7C-68BD53C2C21B}
	EndGlobalSection
EndGlobal
